PODS:
  - Shakuro.BroadcastAsyncStream (1.0.2)
  - Shakuro.CommonTypes (1.9.5)
  - SwiftLint (0.61.0)

DEPENDENCIES:
  - Shakuro.BroadcastAsyncStream (= 1.0.2)
  - Shakuro.CommonTypes (= 1.9.5)
  - SwiftLint

SPEC REPOS:
  https://github.com/CocoaPods/Specs.git:
    - Shakuro.BroadcastAsyncStream
    - Shakuro.CommonTypes
    - SwiftLint

SPEC CHECKSUMS:
  Shakuro.BroadcastAsyncStream: 407906fe1241318fedc35045bb92e2d3919be171
  Shakuro.CommonTypes: 68e5a32e3f2ec4c6c4513aa2a211427b5472b785
  SwiftLint: bf6da11a31c6644a0bbb27f4fa15fd9636db00b3

PODFILE CHECKSUM: 55999a9efa723ec05eb4d510959805461a7ea4dc

COCOAPODS: 1.16.2
